{
    "name": "@cagov/cagov-scrollable-card",
    "version": "1.0.0",
    "lockfileVersion": 1,
    "requires": true,
    "dependencies": {
        "glider-js": {
            "version": "1.7.7",
            "resolved": "https://registry.npmjs.org/glider-js/-/glider-js-1.7.7.tgz",
            "integrity": "sha512-jowNSpd/38EG0Kw83NgTo4F9YSAcpWQxBw0SFZcc2FysZD+dUuW/AcSeFU27rwGJilqdocKbw12IHOKi+DtpZw=="
        }
    }
}
